// !$*UTF8*$!
{
	archiveVersion = 1;
	classes = {
	};
	objectVersion = 56;
	objects = {

/* Begin PBXBuildFile section */
		5230544929F7370700A79379 /* FlashcardSetsApp.swift in Sources */ = {isa = PBXBuildFile; fileRef = 5230544829F7370700A79379 /* FlashcardSetsApp.swift */; };
		5230544B29F7370700A79379 /* ContentView.swift in Sources */ = {isa = PBXBuildFile; fileRef = 5230544A29F7370700A79379 /* ContentView.swift */; };
		5230544D29F7370900A79379 /* Assets.xcassets in Resources */ = {isa = PBXBuildFile; fileRef = 5230544C29F7370900A79379 /* Assets.xcassets */; };
		5230545029F7370900A79379 /* Preview Assets.xcassets in Resources */ = {isa = PBXBuildFile; fileRef = 5230544F29F7370900A79379 /* Preview Assets.xcassets */; };
		5230545229F7370900A79379 /* Persistence.swift in Sources */ = {isa = PBXBuildFile; fileRef = 5230545129F7370900A79379 /* Persistence.swift */; };
		5230545529F7370900A79379 /* FlashcardSets.xcdatamodeld in Sources */ = {isa = PBXBuildFile; fileRef = 5230545329F7370900A79379 /* FlashcardSets.xcdatamodeld */; };
		5230545F29F7370A00A79379 /* FlashcardSetsTests.swift in Sources */ = {isa = PBXBuildFile; fileRef = 5230545E29F7370A00A79379 /* FlashcardSetsTests.swift */; };
		5230546929F7370A00A79379 /* FlashcardSetsUITests.swift in Sources */ = {isa = PBXBuildFile; fileRef = 5230546829F7370A00A79379 /* FlashcardSetsUITests.swift */; };
		5230546B29F7370A00A79379 /* FlashcardSetsUITestsLaunchTests.swift in Sources */ = {isa = PBXBuildFile; fileRef = 5230546A29F7370A00A79379 /* FlashcardSetsUITestsLaunchTests.swift */; };
		5230547929F743F700A79379 /* SetsList.swift in Sources */ = {isa = PBXBuildFile; fileRef = 5230547829F743F700A79379 /* SetsList.swift */; };
		5230547C29F7443A00A79379 /* FlashcardModel.swift in Sources */ = {isa = PBXBuildFile; fileRef = 5230547B29F7443A00A79379 /* FlashcardModel.swift */; };
		5230547E29F74FAD00A79379 /* SetDetails.swift in Sources */ = {isa = PBXBuildFile; fileRef = 5230547D29F74FAD00A79379 /* SetDetails.swift */; };
		52EFC93229F99D480070C8FF /* Color.swift in Sources */ = {isa = PBXBuildFile; fileRef = 52EFC93129F99D480070C8FF /* Color.swift */; };
		52EFC93729F9CB180070C8FF /* FlashcardModel.swift in Sources */ = {isa = PBXBuildFile; fileRef = 5230547B29F7443A00A79379 /* FlashcardModel.swift */; };
		52EFC93B29F9D6E70070C8FF /* Study.swift in Sources */ = {isa = PBXBuildFile; fileRef = 52EFC93A29F9D6E70070C8FF /* Study.swift */; };
/* End PBXBuildFile section */

/* Begin PBXContainerItemProxy section */
		5230545B29F7370A00A79379 /* PBXContainerItemProxy */ = {
			isa = PBXContainerItemProxy;
			containerPortal = 5230543D29F7370700A79379 /* Project object */;
			proxyType = 1;
			remoteGlobalIDString = 5230544429F7370700A79379;
			remoteInfo = FlashcardSets;
		};
		5230546529F7370A00A79379 /* PBXContainerItemProxy */ = {
			isa = PBXContainerItemProxy;
			containerPortal = 5230543D29F7370700A79379 /* Project object */;
			proxyType = 1;
			remoteGlobalIDString = 5230544429F7370700A79379;
			remoteInfo = FlashcardSets;
		};
/* End PBXContainerItemProxy section */

/* Begin PBXFileReference section */
		5230544529F7370700A79379 /* FlashcardSets.app */ = {isa = PBXFileReference; explicitFileType = wrapper.application; includeInIndex = 0; path = FlashcardSets.app; sourceTree = BUILT_PRODUCTS_DIR; };
		5230544829F7370700A79379 /* FlashcardSetsApp.swift */ = {isa = PBXFileReference; lastKnownFileType = sourcecode.swift; path = FlashcardSetsApp.swift; sourceTree = "<group>"; };
		5230544A29F7370700A79379 /* ContentView.swift */ = {isa = PBXFileReference; lastKnownFileType = sourcecode.swift; path = ContentView.swift; sourceTree = "<group>"; };
		5230544C29F7370900A79379 /* Assets.xcassets */ = {isa = PBXFileReference; lastKnownFileType = folder.assetcatalog; path = Assets.xcassets; sourceTree = "<group>"; };
		5230544F29F7370900A79379 /* Preview Assets.xcassets */ = {isa = PBXFileReference; lastKnownFileType = folder.assetcatalog; path = "Preview Assets.xcassets"; sourceTree = "<group>"; };
		5230545129F7370900A79379 /* Persistence.swift */ = {isa = PBXFileReference; lastKnownFileType = sourcecode.swift; path = Persistence.swift; sourceTree = "<group>"; };
		5230545429F7370900A79379 /* FlashcardSets.xcdatamodel */ = {isa = PBXFileReference; lastKnownFileType = wrapper.xcdatamodel; path = FlashcardSets.xcdatamodel; sourceTree = "<group>"; };
		5230545A29F7370A00A79379 /* FlashcardSetsTests.xctest */ = {isa = PBXFileReference; explicitFileType = wrapper.cfbundle; includeInIndex = 0; path = FlashcardSetsTests.xctest; sourceTree = BUILT_PRODUCTS_DIR; };
		5230545E29F7370A00A79379 /* FlashcardSetsTests.swift */ = {isa = PBXFileReference; lastKnownFileType = sourcecode.swift; path = FlashcardSetsTests.swift; sourceTree = "<group>"; };
		5230546429F7370A00A79379 /* FlashcardSetsUITests.xctest */ = {isa = PBXFileReference; explicitFileType = wrapper.cfbundle; includeInIndex = 0; path = FlashcardSetsUITests.xctest; sourceTree = BUILT_PRODUCTS_DIR; };
		5230546829F7370A00A79379 /* FlashcardSetsUITests.swift */ = {isa = PBXFileReference; lastKnownFileType = sourcecode.swift; path = FlashcardSetsUITests.swift; sourceTree = "<group>"; };
		5230546A29F7370A00A79379 /* FlashcardSetsUITestsLaunchTests.swift */ = {isa = PBXFileReference; lastKnownFileType = sourcecode.swift; path = FlashcardSetsUITestsLaunchTests.swift; sourceTree = "<group>"; };
		5230547829F743F700A79379 /* SetsList.swift */ = {isa = PBXFileReference; lastKnownFileType = sourcecode.swift; path = SetsList.swift; sourceTree = "<group>"; };
		5230547B29F7443A00A79379 /* FlashcardModel.swift */ = {isa = PBXFileReference; lastKnownFileType = sourcecode.swift; path = FlashcardModel.swift; sourceTree = "<group>"; };
		5230547D29F74FAD00A79379 /* SetDetails.swift */ = {isa = PBXFileReference; lastKnownFileType = sourcecode.swift; path = SetDetails.swift; sourceTree = "<group>"; };
		52EFC93129F99D480070C8FF /* Color.swift */ = {isa = PBXFileReference; lastKnownFileType = sourcecode.swift; path = Color.swift; sourceTree = "<group>"; };
		52EFC93A29F9D6E70070C8FF /* Study.swift */ = {isa = PBXFileReference; lastKnownFileType = sourcecode.swift; path = Study.swift; sourceTree = "<group>"; };
/* End PBXFileReference section */

/* Begin PBXFrameworksBuildPhase section */
		5230544229F7370700A79379 /* Frameworks */ = {
			isa = PBXFrameworksBuildPhase;
			buildActionMask = 2147483647;
			files = (
			);
			runOnlyForDeploymentPostprocessing = 0;
		};
		5230545729F7370A00A79379 /* Frameworks */ = {
			isa = PBXFrameworksBuildPhase;
			buildActionMask = 2147483647;
			files = (
			);
			runOnlyForDeploymentPostprocessing = 0;
		};
		5230546129F7370A00A79379 /* Frameworks */ = {
			isa = PBXFrameworksBuildPhase;
			buildActionMask = 2147483647;
			files = (
			);
			runOnlyForDeploymentPostprocessing = 0;
		};
/* End PBXFrameworksBuildPhase section */

/* Begin PBXGroup section */
		5230543C29F7370700A79379 = {
			isa = PBXGroup;
			children = (
				5230544729F7370700A79379 /* FlashcardSets */,
				5230545D29F7370A00A79379 /* FlashcardSetsTests */,
				5230546729F7370A00A79379 /* FlashcardSetsUITests */,
				5230544629F7370700A79379 /* Products */,
			);
			sourceTree = "<group>";
		};
		5230544629F7370700A79379 /* Products */ = {
			isa = PBXGroup;
			children = (
				5230544529F7370700A79379 /* FlashcardSets.app */,
				5230545A29F7370A00A79379 /* FlashcardSetsTests.xctest */,
				5230546429F7370A00A79379 /* FlashcardSetsUITests.xctest */,
			);
			name = Products;
			sourceTree = "<group>";
		};
		5230544729F7370700A79379 /* FlashcardSets */ = {
			isa = PBXGroup;
			children = (
				52EFC93029F99D100070C8FF /* Extenions */,
				5230547A29F7440B00A79379 /* Models */,
				5230547729F743C300A79379 /* Pages */,
				5230544829F7370700A79379 /* FlashcardSetsApp.swift */,
				5230544A29F7370700A79379 /* ContentView.swift */,
				5230544C29F7370900A79379 /* Assets.xcassets */,
				5230545129F7370900A79379 /* Persistence.swift */,
				5230545329F7370900A79379 /* FlashcardSets.xcdatamodeld */,
				5230544E29F7370900A79379 /* Preview Content */,
			);
			path = FlashcardSets;
			sourceTree = "<group>";
		};
		5230544E29F7370900A79379 /* Preview Content */ = {
			isa = PBXGroup;
			children = (
				5230544F29F7370900A79379 /* Preview Assets.xcassets */,
			);
			path = "Preview Content";
			sourceTree = "<group>";
		};
		5230545D29F7370A00A79379 /* FlashcardSetsTests */ = {
			isa = PBXGroup;
			children = (
				5230545E29F7370A00A79379 /* FlashcardSetsTests.swift */,
			);
			path = FlashcardSetsTests;
			sourceTree = "<group>";
		};
		5230546729F7370A00A79379 /* FlashcardSetsUITests */ = {
			isa = PBXGroup;
			children = (
				5230546829F7370A00A79379 /* FlashcardSetsUITests.swift */,
				5230546A29F7370A00A79379 /* FlashcardSetsUITestsLaunchTests.swift */,
			);
			path = FlashcardSetsUITests;
			sourceTree = "<group>";
		};
		5230547729F743C300A79379 /* Pages */ = {
			isa = PBXGroup;
			children = (
				5230547829F743F700A79379 /* SetsList.swift */,
				5230547D29F74FAD00A79379 /* SetDetails.swift */,
				52EFC93A29F9D6E70070C8FF /* Study.swift */,
			);
			path = Pages;
			sourceTree = "<group>";
		};
		5230547A29F7440B00A79379 /* Models */ = {
			isa = PBXGroup;
			children = (
				5230547B29F7443A00A79379 /* FlashcardModel.swift */,
			);
			path = Models;
			sourceTree = "<group>";
		};
		52EFC93029F99D100070C8FF /* Extenions */ = {
			isa = PBXGroup;
			children = (
				52EFC93129F99D480070C8FF /* Color.swift */,
			);
			path = Extenions;
			sourceTree = "<group>";
		};
/* End PBXGroup section */

/* Begin PBXNativeTarget section */
		5230544429F7370700A79379 /* FlashcardSets */ = {
			isa = PBXNativeTarget;
			buildConfigurationList = 5230546E29F7370A00A79379 /* Build configuration list for PBXNativeTarget "FlashcardSets" */;
			buildPhases = (
				5230544129F7370700A79379 /* Sources */,
				5230544229F7370700A79379 /* Frameworks */,
				5230544329F7370700A79379 /* Resources */,
			);
			buildRules = (
			);
			dependencies = (
			);
			name = FlashcardSets;
			productName = FlashcardSets;
			productReference = 5230544529F7370700A79379 /* FlashcardSets.app */;
			productType = "com.apple.product-type.application";
		};
		5230545929F7370A00A79379 /* FlashcardSetsTests */ = {
			isa = PBXNativeTarget;
			buildConfigurationList = 5230547129F7370A00A79379 /* Build configuration list for PBXNativeTarget "FlashcardSetsTests" */;
			buildPhases = (
				5230545629F7370A00A79379 /* Sources */,
				5230545729F7370A00A79379 /* Frameworks */,
				5230545829F7370A00A79379 /* Resources */,
			);
			buildRules = (
			);
			dependencies = (
				5230545C29F7370A00A79379 /* PBXTargetDependency */,
			);
			name = FlashcardSetsTests;
			productName = FlashcardSetsTests;
			productReference = 5230545A29F7370A00A79379 /* FlashcardSetsTests.xctest */;
			productType = "com.apple.product-type.bundle.unit-test";
		};
		5230546329F7370A00A79379 /* FlashcardSetsUITests */ = {
			isa = PBXNativeTarget;
			buildConfigurationList = 5230547429F7370A00A79379 /* Build configuration list for PBXNativeTarget "FlashcardSetsUITests" */;
			buildPhases = (
				5230546029F7370A00A79379 /* Sources */,
				5230546129F7370A00A79379 /* Frameworks */,
				5230546229F7370A00A79379 /* Resources */,
			);
			buildRules = (
			);
			dependencies = (
				5230546629F7370A00A79379 /* PBXTargetDependency */,
			);
			name = FlashcardSetsUITests;
			productName = FlashcardSetsUITests;
			productReference = 5230546429F7370A00A79379 /* FlashcardSetsUITests.xctest */;
			productType = "com.apple.product-type.bundle.ui-testing";
		};
/* End PBXNativeTarget section */

/* Begin PBXProject section */
		5230543D29F7370700A79379 /* Project object */ = {
			isa = PBXProject;
			attributes = {
				BuildIndependentTargetsInParallel = 1;
				LastSwiftUpdateCheck = 1430;
				LastUpgradeCheck = 1430;
				TargetAttributes = {
					5230544429F7370700A79379 = {
						CreatedOnToolsVersion = 14.3;
					};
					5230545929F7370A00A79379 = {
						CreatedOnToolsVersion = 14.3;
						TestTargetID = 5230544429F7370700A79379;
					};
					5230546329F7370A00A79379 = {
						CreatedOnToolsVersion = 14.3;
						TestTargetID = 5230544429F7370700A79379;
					};
				};
			};
			buildConfigurationList = 5230544029F7370700A79379 /* Build configuration list for PBXProject "FlashcardSets" */;
			compatibilityVersion = "Xcode 14.0";
			developmentRegion = en;
			hasScannedForEncodings = 0;
			knownRegions = (
				en,
				Base,
			);
			mainGroup = 5230543C29F7370700A79379;
			productRefGroup = 5230544629F7370700A79379 /* Products */;
			projectDirPath = "";
			projectRoot = "";
			targets = (
				5230544429F7370700A79379 /* FlashcardSets */,
				5230545929F7370A00A79379 /* FlashcardSetsTests */,
				5230546329F7370A00A79379 /* FlashcardSetsUITests */,
			);
		};
/* End PBXProject section */

/* Begin PBXResourcesBuildPhase section */
		5230544329F7370700A79379 /* Resources */ = {
			isa = PBXResourcesBuildPhase;
			buildActionMask = 2147483647;
			files = (
				5230545029F7370900A79379 /* Preview Assets.xcassets in Resources */,
				5230544D29F7370900A79379 /* Assets.xcassets in Resources */,
			);
			runOnlyForDeploymentPostprocessing = 0;
		};
		5230545829F7370A00A79379 /* Resources */ = {
			isa = PBXResourcesBuildPhase;
			buildActionMask = 2147483647;
			files = (
			);
			runOnlyForDeploymentPostprocessing = 0;
		};
		5230546229F7370A00A79379 /* Resources */ = {
			isa = PBXResourcesBuildPhase;
			buildActionMask = 2147483647;
			files = (
			);
			runOnlyForDeploymentPostprocessing = 0;
		};
/* End PBXResourcesBuildPhase section */

/* Begin PBXSourcesBuildPhase section */
		5230544129F7370700A79379 /* Sources */ = {
			isa = PBXSourcesBuildPhase;
			buildActionMask = 2147483647;
			files = (
				52EFC93B29F9D6E70070C8FF /* Study.swift in Sources */,
				5230547E29F74FAD00A79379 /* SetDetails.swift in Sources */,
				5230545229F7370900A79379 /* Persistence.swift in Sources */,
				5230545529F7370900A79379 /* FlashcardSets.xcdatamodeld in Sources */,
				5230544B29F7370700A79379 /* ContentView.swift in Sources */,
				5230544929F7370700A79379 /* FlashcardSetsApp.swift in Sources */,
				52EFC93229F99D480070C8FF /* Color.swift in Sources */,
				5230547C29F7443A00A79379 /* FlashcardModel.swift in Sources */,
				5230547929F743F700A79379 /* SetsList.swift in Sources */,
			);
			runOnlyForDeploymentPostprocessing = 0;
		};
		5230545629F7370A00A79379 /* Sources */ = {
			isa = PBXSourcesBuildPhase;
			buildActionMask = 2147483647;
			files = (
				52EFC93729F9CB180070C8FF /* FlashcardModel.swift in Sources */,
				5230545F29F7370A00A79379 /* FlashcardSetsTests.swift in Sources */,
			);
			runOnlyForDeploymentPostprocessing = 0;
		};
		5230546029F7370A00A79379 /* Sources */ = {
			isa = PBXSourcesBuildPhase;
			buildActionMask = 2147483647;
			files = (
				5230546B29F7370A00A79379 /* FlashcardSetsUITestsLaunchTests.swift in Sources */,
				5230546929F7370A00A79379 /* FlashcardSetsUITests.swift in Sources */,
			);
			runOnlyForDeploymentPostprocessing = 0;
		};
/* End PBXSourcesBuildPhase section */

/* Begin PBXTargetDependency section */
		5230545C29F7370A00A79379 /* PBXTargetDependency */ = {
			isa = PBXTargetDependency;
			target = 5230544429F7370700A79379 /* FlashcardSets */;
			targetProxy = 5230545B29F7370A00A79379 /* PBXContainerItemProxy */;
		};
		5230546629F7370A00A79379 /* PBXTargetDependency */ = {
			isa = PBXTargetDependency;
			target = 5230544429F7370700A79379 /* FlashcardSets */;
			targetProxy = 5230546529F7370A00A79379 /* PBXContainerItemProxy */;
		};
/* End PBXTargetDependency section */

/* Begin XCBuildConfiguration section */
		5230546C29F7370A00A79379 /* Debug */ = {
			isa = XCBuildConfiguration;
			buildSettings = {
				ALWAYS_SEARCH_USER_PATHS = NO;
				CLANG_ANALYZER_NONNULL = YES;
				CLANG_ANALYZER_NUMBER_OBJECT_CONVERSION = YES_AGGRESSIVE;
				CLANG_CXX_LANGUAGE_STANDARD = "gnu++20";
				CLANG_ENABLE_MODULES = YES;
				CLANG_ENABLE_OBJC_ARC = YES;
				CLANG_ENABLE_OBJC_WEAK = YES;
				CLANG_WARN_BLOCK_CAPTURE_AUTORELEASING = YES;
				CLANG_WARN_BOOL_CONVERSION = YES;
				CLANG_WARN_COMMA = YES;
				CLANG_WARN_CONSTANT_CONVERSION = YES;
				CLANG_WARN_DEPRECATED_OBJC_IMPLEMENTATIONS = YES;
				CLANG_WARN_DIRECT_OBJC_ISA_USAGE = YES_ERROR;
				CLANG_WARN_DOCUMENTATION_COMMENTS = YES;
				CLANG_WARN_EMPTY_BODY = YES;
				CLANG_WARN_ENUM_CONVERSION = YES;
				CLANG_WARN_INFINITE_RECURSION = YES;
				CLANG_WARN_INT_CONVERSION = YES;
				CLANG_WARN_NON_LITERAL_NULL_CONVERSION = YES;
				CLANG_WARN_OBJC_IMPLICIT_RETAIN_SELF = YES;
				CLANG_WARN_OBJC_LITERAL_CONVERSION = YES;
				CLANG_WARN_OBJC_ROOT_CLASS = YES_ERROR;
				CLANG_WARN_QUOTED_INCLUDE_IN_FRAMEWORK_HEADER = YES;
				CLANG_WARN_RANGE_LOOP_ANALYSIS = YES;
				CLANG_WARN_STRICT_PROTOTYPES = YES;
				CLANG_WARN_SUSPICIOUS_MOVE = YES;
				CLANG_WARN_UNGUARDED_AVAILABILITY = YES_AGGRESSIVE;
				CLANG_WARN_UNREACHABLE_CODE = YES;
				CLANG_WARN__DUPLICATE_METHOD_MATCH = YES;
				COPY_PHASE_STRIP = NO;
				DEBUG_INFORMATION_FORMAT = dwarf;
				ENABLE_STRICT_OBJC_MSGSEND = YES;
				ENABLE_TESTABILITY = YES;
				GCC_C_LANGUAGE_STANDARD = gnu11;
				GCC_DYNAMIC_NO_PIC = NO;
				GCC_NO_COMMON_BLOCKS = YES;
				GCC_OPTIMIZATION_LEVEL = 0;
				GCC_PREPROCESSOR_DEFINITIONS = (
					"DEBUG=1",
					"$(inherited)",
				);
				GCC_WARN_64_TO_32_BIT_CONVERSION = YES;
				GCC_WARN_ABOUT_RETURN_TYPE = YES_ERROR;
				GCC_WARN_UNDECLARED_SELECTOR = YES;
				GCC_WARN_UNINITIALIZED_AUTOS = YES_AGGRESSIVE;
				GCC_WARN_UNUSED_FUNCTION = YES;
				GCC_WARN_UNUSED_VARIABLE = YES;
				IPHONEOS_DEPLOYMENT_TARGET = 16.4;
				MTL_ENABLE_DEBUG_INFO = INCLUDE_SOURCE;
				MTL_FAST_MATH = YES;
				ONLY_ACTIVE_ARCH = YES;
				SDKROOT = iphoneos;
				SWIFT_ACTIVE_COMPILATION_CONDITIONS = DEBUG;
				SWIFT_OPTIMIZATION_LEVEL = "-Onone";
			};
			name = Debug;
		};
		5230546D29F7370A00A79379 /* Release */ = {
			isa = XCBuildConfiguration;
			buildSettings = {
				ALWAYS_SEARCH_USER_PATHS = NO;
				CLANG_ANALYZER_NONNULL = YES;
				CLANG_ANALYZER_NUMBER_OBJECT_CONVERSION = YES_AGGRESSIVE;
				CLANG_CXX_LANGUAGE_STANDARD = "gnu++20";
				CLANG_ENABLE_MODULES = YES;
				CLANG_ENABLE_OBJC_ARC = YES;
				CLANG_ENABLE_OBJC_WEAK = YES;
				CLANG_WARN_BLOCK_CAPTURE_AUTORELEASING = YES;
				CLANG_WARN_BOOL_CONVERSION = YES;
				CLANG_WARN_COMMA = YES;
				CLANG_WARN_CONSTANT_CONVERSION = YES;
				CLANG_WARN_DEPRECATED_OBJC_IMPLEMENTATIONS = YES;
				CLANG_WARN_DIRECT_OBJC_ISA_USAGE = YES_ERROR;
				CLANG_WARN_DOCUMENTATION_COMMENTS = YES;
				CLANG_WARN_EMPTY_BODY = YES;
				CLANG_WARN_ENUM_CONVERSION = YES;
				CLANG_WARN_INFINITE_RECURSION = YES;
				CLANG_WARN_INT_CONVERSION = YES;
				CLANG_WARN_NON_LITERAL_NULL_CONVERSION = YES;
				CLANG_WARN_OBJC_IMPLICIT_RETAIN_SELF = YES;
				CLANG_WARN_OBJC_LITERAL_CONVERSION = YES;
				CLANG_WARN_OBJC_ROOT_CLASS = YES_ERROR;
				CLANG_WARN_QUOTED_INCLUDE_IN_FRAMEWORK_HEADER = YES;
				CLANG_WARN_RANGE_LOOP_ANALYSIS = YES;
				CLANG_WARN_STRICT_PROTOTYPES = YES;
				CLANG_WARN_SUSPICIOUS_MOVE = YES;
				CLANG_WARN_UNGUARDED_AVAILABILITY = YES_AGGRESSIVE;
				CLANG_WARN_UNREACHABLE_CODE = YES;
				CLANG_WARN__DUPLICATE_METHOD_MATCH = YES;
				COPY_PHASE_STRIP = NO;
				DEBUG_INFORMATION_FORMAT = "dwarf-with-dsym";
				ENABLE_NS_ASSERTIONS = NO;
				ENABLE_STRICT_OBJC_MSGSEND = YES;
				GCC_C_LANGUAGE_STANDARD = gnu11;
				GCC_NO_COMMON_BLOCKS = YES;
				GCC_WARN_64_TO_32_BIT_CONVERSION = YES;
				GCC_WARN_ABOUT_RETURN_TYPE = YES_ERROR;
				GCC_WARN_UNDECLARED_SELECTOR = YES;
				GCC_WARN_UNINITIALIZED_AUTOS = YES_AGGRESSIVE;
				GCC_WARN_UNUSED_FUNCTION = YES;
				GCC_WARN_UNUSED_VARIABLE = YES;
				IPHONEOS_DEPLOYMENT_TARGET = 16.4;
				MTL_ENABLE_DEBUG_INFO = NO;
				MTL_FAST_MATH = YES;
				SDKROOT = iphoneos;
				SWIFT_COMPILATION_MODE = wholemodule;
				SWIFT_OPTIMIZATION_LEVEL = "-O";
				VALIDATE_PRODUCT = YES;
			};
			name = Release;
		};
		5230546F29F7370A00A79379 /* Debug */ = {
			isa = XCBuildConfiguration;
			buildSettings = {
				ASSETCATALOG_COMPILER_APPICON_NAME = AppIcon;
				ASSETCATALOG_COMPILER_GLOBAL_ACCENT_COLOR_NAME = AccentColor;
				CODE_SIGN_STYLE = Automatic;
				CURRENT_PROJECT_VERSION = 1;
				DEVELOPMENT_ASSET_PATHS = "\"FlashcardSets/Preview Content\"";
				DEVELOPMENT_TEAM = D3WY7NKNBC;
				ENABLE_PREVIEWS = YES;
				GENERATE_INFOPLIST_FILE = YES;
				INFOPLIST_KEY_UIApplicationSceneManifest_Generation = YES;
				INFOPLIST_KEY_UIApplicationSupportsIndirectInputEvents = YES;
				INFOPLIST_KEY_UILaunchScreen_Generation = YES;
				INFOPLIST_KEY_UISupportedInterfaceOrientations_iPad = "UIInterfaceOrientationPortrait UIInterfaceOrientationPortraitUpsideDown UIInterfaceOrientationLandscapeLeft UIInterfaceOrientationLandscapeRight";
				INFOPLIST_KEY_UISupportedInterfaceOrientations_iPhone = "UIInterfaceOrientationPortrait UIInterfaceOrientationLandscapeLeft UIInterfaceOrientationLandscapeRight";
				LD_RUNPATH_SEARCH_PATHS = (
					"$(inherited)",
					"@executable_path/Frameworks",
				);
				MARKETING_VERSION = 1.0;
				PRODUCT_BUNDLE_IDENTIFIER = "com.mirmukhammad-mirsodikov.FlashcardSets";
				PRODUCT_NAME = "$(TARGET_NAME)";
				SWIFT_EMIT_LOC_STRINGS = YES;
				SWIFT_VERSION = 5.0;
				TARGETED_DEVICE_FAMILY = "1,2";
			};
			name = Debug;
		};
		5230547029F7370A00A79379 /* Release */ = {
			isa = XCBuildConfiguration;
			buildSettings = {
				ASSETCATALOG_COMPILER_APPICON_NAME = AppIcon;
				ASSETCATALOG_COMPILER_GLOBAL_ACCENT_COLOR_NAME = AccentColor;
				CODE_SIGN_STYLE = Automatic;
				CURRENT_PROJECT_VERSION = 1;
				DEVELOPMENT_ASSET_PATHS = "\"FlashcardSets/Preview Content\"";
				DEVELOPMENT_TEAM = D3WY7NKNBC;
				ENABLE_PREVIEWS = YES;
				GENERATE_INFOPLIST_FILE = YES;
				INFOPLIST_KEY_UIApplicationSceneManifest_Generation = YES;
				INFOPLIST_KEY_UIApplicationSupportsIndirectInputEvents = YES;
				INFOPLIST_KEY_UILaunchScreen_Generation = YES;
				INFOPLIST_KEY_UISupportedInterfaceOrientations_iPad = "UIInterfaceOrientationPortrait UIInterfaceOrientationPortraitUpsideDown UIInterfaceOrientationLandscapeLeft UIInterfaceOrientationLandscapeRight";
				INFOPLIST_KEY_UISupportedInterfaceOrientations_iPhone = "UIInterfaceOrientationPortrait UIInterfaceOrientationLandscapeLeft UIInterfaceOrientationLandscapeRight";
				LD_RUNPATH_SEARCH_PATHS = (
					"$(inherited)",
					"@executable_path/Frameworks",
				);
				MARKETING_VERSION = 1.0;
				PRODUCT_BUNDLE_IDENTIFIER = "com.mirmukhammad-mirsodikov.FlashcardSets";
				PRODUCT_NAME = "$(TARGET_NAME)";
				SWIFT_EMIT_LOC_STRINGS = YES;
				SWIFT_VERSION = 5.0;
				TARGETED_DEVICE_FAMILY = "1,2";
			};
			name = Release;
		};
		5230547229F7370A00A79379 /* Debug */ = {
			isa = XCBuildConfiguration;
			buildSettings = {
				ALWAYS_EMBED_SWIFT_STANDARD_LIBRARIES = YES;
				BUNDLE_LOADER = "$(TEST_HOST)";
				CODE_SIGN_STYLE = Automatic;
				CURRENT_PROJECT_VERSION = 1;
				DEVELOPMENT_TEAM = D3WY7NKNBC;
				GENERATE_INFOPLIST_FILE = YES;
				IPHONEOS_DEPLOYMENT_TARGET = 16.4;
				MARKETING_VERSION = 1.0;
				PRODUCT_BUNDLE_IDENTIFIER = "com.mirmukhammad-mirsodikov.FlashcardSetsTests";
				PRODUCT_NAME = "$(TARGET_NAME)";
				SWIFT_EMIT_LOC_STRINGS = NO;
				SWIFT_VERSION = 5.0;
				TARGETED_DEVICE_FAMILY = "1,2";
				TEST_HOST = "$(BUILT_PRODUCTS_DIR)/FlashcardSets.app/$(BUNDLE_EXECUTABLE_FOLDER_PATH)/FlashcardSets";
			};
			name = Debug;
		};
		5230547329F7370A00A79379 /* Release */ = {
			isa = XCBuildConfiguration;
			buildSettings = {
				ALWAYS_EMBED_SWIFT_STANDARD_LIBRARIES = YES;
				BUNDLE_LOADER = "$(TEST_HOST)";
				CODE_SIGN_STYLE = Automatic;
				CURRENT_PROJECT_VERSION = 1;
				DEVELOPMENT_TEAM = D3WY7NKNBC;
				GENERATE_INFOPLIST_FILE = YES;
				IPHONEOS_DEPLOYMENT_TARGET = 16.4;
				MARKETING_VERSION = 1.0;
				PRODUCT_BUNDLE_IDENTIFIER = "com.mirmukhammad-mirsodikov.FlashcardSetsTests";
				PRODUCT_NAME = "$(TARGET_NAME)";
				SWIFT_EMIT_LOC_STRINGS = NO;
				SWIFT_VERSION = 5.0;
				TARGETED_DEVICE_FAMILY = "1,2";
				TEST_HOST = "$(BUILT_PRODUCTS_DIR)/FlashcardSets.app/$(BUNDLE_EXECUTABLE_FOLDER_PATH)/FlashcardSets";
			};
			name = Release;
		};
		5230547529F7370A00A79379 /* Debug */ = {
			isa = XCBuildConfiguration;
			buildSettings = {
				ALWAYS_EMBED_SWIFT_STANDARD_LIBRARIES = YES;
				CODE_SIGN_STYLE = Automatic;
				CURRENT_PROJECT_VERSION = 1;
				DEVELOPMENT_TEAM = D3WY7NKNBC;
				GENERATE_INFOPLIST_FILE = YES;
				MARKETING_VERSION = 1.0;
				PRODUCT_BUNDLE_IDENTIFIER = "com.mirmukhammad-mirsodikov.FlashcardSetsUITests";
				PRODUCT_NAME = "$(TARGET_NAME)";
				SWIFT_EMIT_LOC_STRINGS = NO;
				SWIFT_VERSION = 5.0;
				TARGETED_DEVICE_FAMILY = "1,2";
				TEST_TARGET_NAME = FlashcardSets;
			};
			name = Debug;
		};
		5230547629F7370A00A79379 /* Release */ = {
			isa = XCBuildConfiguration;
			buildSettings = {
				ALWAYS_EMBED_SWIFT_STANDARD_LIBRARIES = YES;
				CODE_SIGN_STYLE = Automatic;
				CURRENT_PROJECT_VERSION = 1;
				DEVELOPMENT_TEAM = D3WY7NKNBC;
				GENERATE_INFOPLIST_FILE = YES;
				MARKETING_VERSION = 1.0;
				PRODUCT_BUNDLE_IDENTIFIER = "com.mirmukhammad-mirsodikov.FlashcardSetsUITests";
				PRODUCT_NAME = "$(TARGET_NAME)";
				SWIFT_EMIT_LOC_STRINGS = NO;
				SWIFT_VERSION = 5.0;
				TARGETED_DEVICE_FAMILY = "1,2";
				TEST_TARGET_NAME = FlashcardSets;
			};
			name = Release;
		};
/* End XCBuildConfiguration section */

/* Begin XCConfigurationList section */
		5230544029F7370700A79379 /* Build configuration list for PBXProject "FlashcardSets" */ = {
			isa = XCConfigurationList;
			buildConfigurations = (
				5230546C29F7370A00A79379 /* Debug */,
				5230546D29F7370A00A79379 /* Release */,
			);
			defaultConfigurationIsVisible = 0;
			defaultConfigurationName = Release;
		};
		5230546E29F7370A00A79379 /* Build configuration list for PBXNativeTarget "FlashcardSets" */ = {
			isa = XCConfigurationList;
			buildConfigurations = (
				5230546F29F7370A00A79379 /* Debug */,
				5230547029F7370A00A79379 /* Release */,
			);
			defaultConfigurationIsVisible = 0;
			defaultConfigurationName = Release;
		};
		5230547129F7370A00A79379 /* Build configuration list for PBXNativeTarget "FlashcardSetsTests" */ = {
			isa = XCConfigurationList;
			buildConfigurations = (
				5230547229F7370A00A79379 /* Debug */,
				5230547329F7370A00A79379 /* Release */,
			);
			defaultConfigurationIsVisible = 0;
			defaultConfigurationName = Release;
		};
		5230547429F7370A00A79379 /* Build configuration list for PBXNativeTarget "FlashcardSetsUITests" */ = {
			isa = XCConfigurationList;
			buildConfigurations = (
				5230547529F7370A00A79379 /* Debug */,
				5230547629F7370A00A79379 /* Release */,
			);
			defaultConfigurationIsVisible = 0;
			defaultConfigurationName = Release;
		};
/* End XCConfigurationList section */

/* Begin XCVersionGroup section */
		5230545329F7370900A79379 /* FlashcardSets.xcdatamodeld */ = {
			isa = XCVersionGroup;
			children = (
				5230545429F7370900A79379 /* FlashcardSets.xcdatamodel */,
			);
			currentVersion = 5230545429F7370900A79379 /* FlashcardSets.xcdatamodel */;
			path = FlashcardSets.xcdatamodeld;
			sourceTree = "<group>";
			versionGroupType = wrapper.xcdatamodel;
		};
/* End XCVersionGroup section */
	};
	rootObject = 5230543D29F7370700A79379 /* Project object */;
}
